PODS:
  - Flutter (1.0.0)
  - path_provider (0.0.1):
    - Flutter
  - plugin (0.0.1):
    - Flutter
  - url_launcher (0.0.1):
    - Flutter

DEPENDENCIES:
  - Flutter (from `Flutter`)
  - path_provider (from `.symlinks/plugins/path_provider/ios`)
  - plugin (from `.symlinks/plugins/plugin/ios`)
  - url_launcher (from `.symlinks/plugins/url_launcher/ios`)

EXTERNAL SOURCES:
  Flutter:
    :path: Flutter
  path_provider:
    :path: ".symlinks/plugins/path_provider/ios"
  plugin:
    :path: ".symlinks/plugins/plugin/ios"
  url_launcher:
    :path: ".symlinks/plugins/url_launcher/ios"

SPEC CHECKSUMS:
  Flutter: 50d75fe2f02b26cc09d224853bb45737f8b3214a
  path_provider: abfe2b5c733d04e238b0d8691db0cfd63a27a93c
  plugin: b9908285a5175b859bb683db267abb7d9670c531
  url_launcher: 6fef411d543ceb26efce54b05a0a40bfd74cbbef

PODFILE CHECKSUM: a19b062a208539462bfa068248465e2f917f4248

COCOAPODS: 1.10.1
