PODS:
  - Flutter (1.0.0)
  - plugin (0.0.1):
    - Flutter

DEPENDENCIES:
  - Flutter (from `Flutter`)
  - plugin (from `.symlinks/plugins/plugin/ios`)

EXTERNAL SOURCES:
  Flutter:
    :path: Flutter
  plugin:
    :path: ".symlinks/plugins/plugin/ios"

SPEC CHECKSUMS:
  Flutter: 50d75fe2f02b26cc09d224853bb45737f8b3214a
  plugin: b9908285a5175b859bb683db267abb7d9670c531

PODFILE CHECKSUM: aafe91acc616949ddb318b77800a7f51bffa2a4c

COCOAPODS: 1.10.1
