PODS:
  - FlutterMacOS (1.0.0)
  - plugin (0.0.1):
    - FlutterMacOS

DEPENDENCIES:
  - FlutterMacOS (from `Flutter/ephemeral`)
  - plugin (from `Flutter/ephemeral/.symlinks/plugins/plugin/macos`)

EXTERNAL SOURCES:
  FlutterMacOS:
    :path: Flutter/ephemeral
  plugin:
    :path: Flutter/ephemeral/.symlinks/plugins/plugin/macos

SPEC CHECKSUMS:
  FlutterMacOS: 57701585bf7de1b3fc2bb61f6378d73bbdea8424
  plugin: ed75dc059a3b09d5e3bcbc0a41474c876d55a4bd

PODFILE CHECKSUM: 6eac6b3292e5142cfc23bdeb71848a40ec51c14c

COCOAPODS: 1.10.1
